
Microsoft Visual Studio Solution File, Format Version 12.00
# Visual Studio Version 17
VisualStudioVersion = 17.7.34024.191
MinimumVisualStudioVersion = 10.0.40219.1
Project("{9A19103F-16F7-4668-BE54-9A1E7A4F7556}") = "BomberManClient", "BomberManClient\BomberManClient.csproj", "{A30E9698-C39F-4FFB-B17D-4AE1144929F0}"
EndProject
Project("{9A19103F-16F7-4668-BE54-9A1E7A4F7556}") = "BomberMansTCPFormsLibrary", "..\BomberMansTCPFormsLibrary\BomberMansTCPFormsLibrary.csproj", "{236FBCB1-604C-47B3-8037-0A8AC0B72A77}"
EndProject
Global
	GlobalSection(SolutionConfigurationPlatforms) = preSolution
		Debug|Any CPU = Debug|Any CPU
		Release|Any CPU = Release|Any CPU
	EndGlobalSection
	GlobalSection(ProjectConfigurationPlatforms) = postSolution
		{A30E9698-C39F-4FFB-B17D-4AE1144929F0}.Debug|Any CPU.ActiveCfg = Debug|Any CPU
		{A30E9698-C39F-4FFB-B17D-4AE1144929F0}.Debug|Any CPU.Build.0 = Debug|Any CPU
		{A30E9698-C39F-4FFB-B17D-4AE1144929F0}.Release|Any CPU.ActiveCfg = Release|Any CPU
		{A30E9698-C39F-4FFB-B17D-4AE1144929F0}.Release|Any CPU.Build.0 = Release|Any CPU
		{236FBCB1-604C-47B3-8037-0A8AC0B72A77}.Debug|Any CPU.ActiveCfg = Debug|Any CPU
		{236FBCB1-604C-47B3-8037-0A8AC0B72A77}.Debug|Any CPU.Build.0 = Debug|Any CPU
		{236FBCB1-604C-47B3-8037-0A8AC0B72A77}.Release|Any CPU.ActiveCfg = Release|Any CPU
		{236FBCB1-604C-47B3-8037-0A8AC0B72A77}.Release|Any CPU.Build.0 = Release|Any CPU
	EndGlobalSection
	GlobalSection(SolutionProperties) = preSolution
		HideSolutionNode = FALSE
	EndGlobalSection
	GlobalSection(ExtensibilityGlobals) = postSolution
		SolutionGuid = {91FA3DB2-EE5E-4E4D-88E8-97822DF24ACE}
	EndGlobalSection
EndGlobal
