
Microsoft Visual Studio Solution File, Format Version 12.00
# Visual Studio Version 17
VisualStudioVersion = 17.8.34227.203
MinimumVisualStudioVersion = 10.0.40219.1
Project("{9A19103F-16F7-4668-BE54-9A1E7A4F7556}") = "BomberMans", "BomberMans\BomberMans.csproj", "{98E186DA-8A17-40AC-8F25-E17892D7A906}"
EndProject
Project("{FAE04EC0-301F-11D3-BF4B-00C04F79EFBC}") = "BomberMansTCPFormsLibrary", "BomberMansTCPFormsLibrary\BomberMansTCPFormsLibrary.csproj", "{1C701183-9DF5-4273-AE97-DEA5C8D1D2B9}"
EndProject
Global
	GlobalSection(SolutionConfigurationPlatforms) = preSolution
		Debug|Any CPU = Debug|Any CPU
		Release|Any CPU = Release|Any CPU
	EndGlobalSection
	GlobalSection(ProjectConfigurationPlatforms) = postSolution
		{98E186DA-8A17-40AC-8F25-E17892D7A906}.Debug|Any CPU.ActiveCfg = Debug|Any CPU
		{98E186DA-8A17-40AC-8F25-E17892D7A906}.Debug|Any CPU.Build.0 = Debug|Any CPU
		{98E186DA-8A17-40AC-8F25-E17892D7A906}.Release|Any CPU.ActiveCfg = Release|Any CPU
		{98E186DA-8A17-40AC-8F25-E17892D7A906}.Release|Any CPU.Build.0 = Release|Any CPU
		{1C701183-9DF5-4273-AE97-DEA5C8D1D2B9}.Debug|Any CPU.ActiveCfg = Debug|Any CPU
		{1C701183-9DF5-4273-AE97-DEA5C8D1D2B9}.Debug|Any CPU.Build.0 = Debug|Any CPU
		{1C701183-9DF5-4273-AE97-DEA5C8D1D2B9}.Release|Any CPU.ActiveCfg = Release|Any CPU
		{1C701183-9DF5-4273-AE97-DEA5C8D1D2B9}.Release|Any CPU.Build.0 = Release|Any CPU
	EndGlobalSection
	GlobalSection(SolutionProperties) = preSolution
		HideSolutionNode = FALSE
	EndGlobalSection
	GlobalSection(ExtensibilityGlobals) = postSolution
		SolutionGuid = {696EFCDF-B939-4C9E-9967-66A873A84A8E}
	EndGlobalSection
EndGlobal
